
Microsoft Visual Studio Solution File, Format Version 12.00
Project("{FAE04EC0-301F-11D3-BF4B-00C04F79EFBC}") = "WebShop.API", "WebShop.API\WebShop.API.csproj", "{1E620B55-F098-446D-B188-757F302108D3}"
EndProject
Project("{FAE04EC0-301F-11D3-BF4B-00C04F79EFBC}") = "WebShop.Domain", "WebShop.Domain\WebShop.Domain.csproj", "{F4CCDC55-B488-4EDF-A3CE-370EB57A5D07}"
EndProject
Project("{FAE04EC0-301F-11D3-BF4B-00C04F79EFBC}") = "WebShop.Services", "WebShop.Services\WebShop.Services.csproj", "{4225F5F5-1FAB-43AE-9E44-F4E6FA6A6A06}"
EndProject
Project("{FAE04EC0-301F-11D3-BF4B-00C04F79EFBC}") = "WebShop.Infrastructure", "WebShop.Infrastructure\WebShop.Infrastructure.csproj", "{91B3A2DF-8513-4939-8056-BDA2F91034CC}"
EndProject
Global
	GlobalSection(SolutionConfigurationPlatforms) = preSolution
		Debug|Any CPU = Debug|Any CPU
		Release|Any CPU = Release|Any CPU
	EndGlobalSection
	GlobalSection(ProjectConfigurationPlatforms) = postSolution
		{1E620B55-F098-446D-B188-757F302108D3}.Debug|Any CPU.ActiveCfg = Debug|Any CPU
		{1E620B55-F098-446D-B188-757F302108D3}.Debug|Any CPU.Build.0 = Debug|Any CPU
		{1E620B55-F098-446D-B188-757F302108D3}.Release|Any CPU.ActiveCfg = Release|Any CPU
		{1E620B55-F098-446D-B188-757F302108D3}.Release|Any CPU.Build.0 = Release|Any CPU
		{F4CCDC55-B488-4EDF-A3CE-370EB57A5D07}.Debug|Any CPU.ActiveCfg = Debug|Any CPU
		{F4CCDC55-B488-4EDF-A3CE-370EB57A5D07}.Debug|Any CPU.Build.0 = Debug|Any CPU
		{F4CCDC55-B488-4EDF-A3CE-370EB57A5D07}.Release|Any CPU.ActiveCfg = Release|Any CPU
		{F4CCDC55-B488-4EDF-A3CE-370EB57A5D07}.Release|Any CPU.Build.0 = Release|Any CPU
		{4225F5F5-1FAB-43AE-9E44-F4E6FA6A6A06}.Debug|Any CPU.ActiveCfg = Debug|Any CPU
		{4225F5F5-1FAB-43AE-9E44-F4E6FA6A6A06}.Debug|Any CPU.Build.0 = Debug|Any CPU
		{4225F5F5-1FAB-43AE-9E44-F4E6FA6A6A06}.Release|Any CPU.ActiveCfg = Release|Any CPU
		{4225F5F5-1FAB-43AE-9E44-F4E6FA6A6A06}.Release|Any CPU.Build.0 = Release|Any CPU
		{91B3A2DF-8513-4939-8056-BDA2F91034CC}.Debug|Any CPU.ActiveCfg = Debug|Any CPU
		{91B3A2DF-8513-4939-8056-BDA2F91034CC}.Debug|Any CPU.Build.0 = Debug|Any CPU
		{91B3A2DF-8513-4939-8056-BDA2F91034CC}.Release|Any CPU.ActiveCfg = Release|Any CPU
		{91B3A2DF-8513-4939-8056-BDA2F91034CC}.Release|Any CPU.Build.0 = Release|Any CPU
	EndGlobalSection
EndGlobal
